
Microsoft Visual Studio Solution File, Format Version 12.00
# Visual Studio Version 16
VisualStudioVersion = 16.0.29201.188
MinimumVisualStudioVersion = 10.0.40219.1
Project("{FAE04EC0-301F-11D3-BF4B-00C04F79EFBC}") = "Hankook_One_Upload", "Hankook_One_Upload.csproj", "{58D346DC-D54C-4B0F-B78E-5FE57ADBDC7F}"
EndProject
Global
	GlobalSection(SolutionConfigurationPlatforms) = preSolution
		Debug|Any CPU = Debug|Any CPU
		Release|Any CPU = Release|Any CPU
	EndGlobalSection
	GlobalSection(ProjectConfigurationPlatforms) = postSolution
		{58D346DC-D54C-4B0F-B78E-5FE57ADBDC7F}.Debug|Any CPU.ActiveCfg = Debug|Any CPU
		{58D346DC-D54C-4B0F-B78E-5FE57ADBDC7F}.Debug|Any CPU.Build.0 = Debug|Any CPU
		{58D346DC-D54C-4B0F-B78E-5FE57ADBDC7F}.Release|Any CPU.ActiveCfg = Release|Any CPU
		{58D346DC-D54C-4B0F-B78E-5FE57ADBDC7F}.Release|Any CPU.Build.0 = Release|Any CPU
	EndGlobalSection
	GlobalSection(SolutionProperties) = preSolution
		HideSolutionNode = FALSE
	EndGlobalSection
	GlobalSection(ExtensibilityGlobals) = postSolution
		SolutionGuid = {BCA239D3-FCFF-49C9-B158-9C1BC5956152}
	EndGlobalSection
EndGlobal
